
Microsoft Visual Studio Solution File, Format Version 12.00
# Visual Studio Version 17
VisualStudioVersion = 17.11.35327.3
MinimumVisualStudioVersion = 10.0.40219.1
Project("{FAE04EC0-301F-11D3-BF4B-00C04F79EFBC}") = "Basic Loops 2", "Basic Loops 2.csproj", "{48CB313F-15EB-4790-89F2-9D01390ECCA1}"
EndProject
Global
	GlobalSection(SolutionConfigurationPlatforms) = preSolution
		Debug|Any CPU = Debug|Any CPU
		Release|Any CPU = Release|Any CPU
	EndGlobalSection
	GlobalSection(ProjectConfigurationPlatforms) = postSolution
		{48CB313F-15EB-4790-89F2-9D01390ECCA1}.Debug|Any CPU.ActiveCfg = Debug|Any CPU
		{48CB313F-15EB-4790-89F2-9D01390ECCA1}.Debug|Any CPU.Build.0 = Debug|Any CPU
		{48CB313F-15EB-4790-89F2-9D01390ECCA1}.Release|Any CPU.ActiveCfg = Release|Any CPU
		{48CB313F-15EB-4790-89F2-9D01390ECCA1}.Release|Any CPU.Build.0 = Release|Any CPU
	EndGlobalSection
	GlobalSection(SolutionProperties) = preSolution
		HideSolutionNode = FALSE
	EndGlobalSection
	GlobalSection(ExtensibilityGlobals) = postSolution
		SolutionGuid = {23855E19-9D5F-4B61-8FE6-1063862B1EE2}
	EndGlobalSection
EndGlobal
